{
  "name": "sf-latest",
  "version": "1.0.0",
  "lockfileVersion": 1,
  "requires": true,
  "dependencies": {
    "@syncfusion/ej2-base": {
      "version": "20.1.57",
      "resolved": "https://registry.npmjs.org/@syncfusion/ej2-base/-/ej2-base-20.1.57.tgz",
      "integrity": "sha512-mHexHWIh7Zwy9FnVyQp0AKRAwvagprUv7Sf95Ibe4mV+ArjCsCOg71bc7B8OdsxvDJj651fVvi7fWaUARKHauA==",
      "requires": {
        "@syncfusion/ej2-icons": "~20.1.55"
      }
    },
    "@syncfusion/ej2-buttons": {
      "version": "20.1.55",
      "resolved": "https://registry.npmjs.org/@syncfusion/ej2-buttons/-/ej2-buttons-20.1.55.tgz",
      "integrity": "sha512-4Dw5z9RL5TY5z3mZ7X66pzHegdgmeSt41gRDnhXqmq6k60k9O5dqCvfSe7op4Ufo8rRt9SWDd8UEqUAfzIxGfg==",
      "requires": {
        "@syncfusion/ej2-base": "~20.1.55"
      }
    },
    "@syncfusion/ej2-calendars": {
      "version": "20.1.58",
      "resolved": "https://registry.npmjs.org/@syncfusion/ej2-calendars/-/ej2-calendars-20.1.58.tgz",
      "integrity": "sha512-cjSZ9xqvrPIk68e0G/nhyTBHQDgWrDQ0TShbhE6YNBMDQmJif8yjK8uXPgHyt6kh4im0wLzNUWaiXmChS1ACEw==",
      "requires": {
        "@syncfusion/ej2-base": "~20.1.57",
        "@syncfusion/ej2-buttons": "~20.1.55",
        "@syncfusion/ej2-inputs": "~20.1.58",
        "@syncfusion/ej2-lists": "~20.1.55",
        "@syncfusion/ej2-popups": "~20.1.58"
      }
    },
    "@syncfusion/ej2-charts": {
      "version": "20.1.57",
      "resolved": "https://registry.npmjs.org/@syncfusion/ej2-charts/-/ej2-charts-20.1.57.tgz",
      "integrity": "sha512-uWmeGeEP1YqrwaherHDY093osvbeXc6I1y9r+9QI1lUVMW4X/zmdZvT+p0pZrpV7pCPZXPK9+a6/bhTIW6eRsA==",
      "requires": {
        "@syncfusion/ej2-base": "~20.1.56",
        "@syncfusion/ej2-calendars": "~20.1.57",
        "@syncfusion/ej2-compression": "~20.1.55",
        "@syncfusion/ej2-data": "~20.1.55",
        "@syncfusion/ej2-file-utils": "~20.1.55",
        "@syncfusion/ej2-navigations": "~20.1.57",
        "@syncfusion/ej2-pdf-export": "~20.1.55",
        "@syncfusion/ej2-svg-base": "~20.1.55"
      }
    },
    "@syncfusion/ej2-compression": {
      "version": "20.1.55",
      "resolved": "https://registry.npmjs.org/@syncfusion/ej2-compression/-/ej2-compression-20.1.55.tgz",
      "integrity": "sha512-GCnXVpLEeSyaEXDawY2hq9cuwaFqVgJmHUaPyhvhx5kQ0vmEsvhaUsefXsFzT45TxhDzTVDBoSezz7lTQIuybQ==",
      "requires": {
        "@syncfusion/ej2-file-utils": "~20.1.55"
      }
    },
    "@syncfusion/ej2-data": {
      "version": "20.1.55",
      "resolved": "https://registry.npmjs.org/@syncfusion/ej2-data/-/ej2-data-20.1.55.tgz",
      "integrity": "sha512-iPFnJOjXlOHTP6EV1Qlk4XSympesryDjOMTIB6uYtuUVrHJM87Zk1Wgat7LPyYSB8olVbmPfnDHgCPEOJ8O5vw==",
      "requires": {
        "@syncfusion/ej2-base": "~20.1.55"
      }
    },
    "@syncfusion/ej2-documenteditor": {
      "version": "20.1.47",
      "resolved": "https://registry.npmjs.org/@syncfusion/ej2-documenteditor/-/ej2-documenteditor-20.1.47.tgz",
      "integrity": "sha512-WPoNOetKGUN2XnQS1Ypb460l4188UiJJQu+eX+hFybi55T/OLOF2dQ85yGaby5hIcb7ex3M8sd6KkxZsHHuIGw==",
      "requires": {
        "@syncfusion/ej2-base": "~20.1.47",
        "@syncfusion/ej2-buttons": "~20.1.47",
        "@syncfusion/ej2-calendars": "~20.1.47",
        "@syncfusion/ej2-compression": "~20.1.47",
        "@syncfusion/ej2-dropdowns": "~20.1.47",
        "@syncfusion/ej2-file-utils": "~20.1.47",
        "@syncfusion/ej2-inputs": "~20.1.47",
        "@syncfusion/ej2-navigations": "~20.1.47",
        "@syncfusion/ej2-office-chart": "~20.1.47",
        "@syncfusion/ej2-popups": "~20.1.47",
        "@syncfusion/ej2-splitbuttons": "~20.1.47"
      }
    },
    "@syncfusion/ej2-dropdowns": {
      "version": "20.1.58",
      "resolved": "https://registry.npmjs.org/@syncfusion/ej2-dropdowns/-/ej2-dropdowns-20.1.58.tgz",
      "integrity": "sha512-WZy4advhs+xMrer8Ck71H5grQ8xV+DLSu4JWLHnyKI+NaSwZ0iouUMs2S/Q+jJuhB34E40l7jpr3cClqZeIoTg==",
      "requires": {
        "@syncfusion/ej2-base": "~20.1.57",
        "@syncfusion/ej2-data": "~20.1.55",
        "@syncfusion/ej2-inputs": "~20.1.58",
        "@syncfusion/ej2-lists": "~20.1.55",
        "@syncfusion/ej2-navigations": "~20.1.58",
        "@syncfusion/ej2-popups": "~20.1.58"
      }
    },
    "@syncfusion/ej2-file-utils": {
      "version": "20.1.55",
      "resolved": "https://registry.npmjs.org/@syncfusion/ej2-file-utils/-/ej2-file-utils-20.1.55.tgz",
      "integrity": "sha512-Npgab78/jQ8OMWTWxwkiejx/5M+pL4zfJUvkTz+4pGXqA+TfXJcxxWYbxlEa4vVVPBNiiO/3PmaNoW9koq3rdQ=="
    },
    "@syncfusion/ej2-icons": {
      "version": "20.1.55",
      "resolved": "https://registry.npmjs.org/@syncfusion/ej2-icons/-/ej2-icons-20.1.55.tgz",
      "integrity": "sha512-+0KxvnfK1SIXHpfXoh5I0Boa73FyWn53oaJgD+UmR5Qnbd2xt2g/mRXvpsegDd+Y3fcJPAwcncHDfzeXG3Xb7w=="
    },
    "@syncfusion/ej2-inputs": {
      "version": "20.1.58",
      "resolved": "https://registry.npmjs.org/@syncfusion/ej2-inputs/-/ej2-inputs-20.1.58.tgz",
      "integrity": "sha512-cJykc770pIYTtKA9TXaUEPrTSZ76Uqtf732u8YaR4/xQyum0FgMfRwqRyZLDuxDv6zMPXuvowF8PlW30OL1/7A==",
      "requires": {
        "@syncfusion/ej2-base": "~20.1.57",
        "@syncfusion/ej2-buttons": "~20.1.55",
        "@syncfusion/ej2-popups": "~20.1.58",
        "@syncfusion/ej2-splitbuttons": "~20.1.57"
      }
    },
    "@syncfusion/ej2-lists": {
      "version": "20.1.55",
      "resolved": "https://registry.npmjs.org/@syncfusion/ej2-lists/-/ej2-lists-20.1.55.tgz",
      "integrity": "sha512-0GT1GxuZygn0LFfm8XHwzcpxHA3oq6bsoZDMFLMSVLaFTEPN30Cx1VMwNWSDoEHk80D2M8xxAFWB9TOjYeuLFA==",
      "requires": {
        "@syncfusion/ej2-base": "~20.1.55",
        "@syncfusion/ej2-buttons": "~20.1.55",
        "@syncfusion/ej2-data": "~20.1.55"
      }
    },
    "@syncfusion/ej2-navigations": {
      "version": "20.1.58",
      "resolved": "https://registry.npmjs.org/@syncfusion/ej2-navigations/-/ej2-navigations-20.1.58.tgz",
      "integrity": "sha512-ggdf8pBmLSFzC6A9kTFgp5pOi43orJMzxCSYmgGGRTJAG1ipivGH55C9ioTSafi+LBQ83j0TJeHYjhvX7oinyw==",
      "requires": {
        "@syncfusion/ej2-base": "~20.1.57",
        "@syncfusion/ej2-buttons": "~20.1.55",
        "@syncfusion/ej2-data": "~20.1.55",
        "@syncfusion/ej2-inputs": "~20.1.58",
        "@syncfusion/ej2-lists": "~20.1.55",
        "@syncfusion/ej2-popups": "~20.1.58"
      }
    },
    "@syncfusion/ej2-office-chart": {
      "version": "20.1.55",
      "resolved": "https://registry.npmjs.org/@syncfusion/ej2-office-chart/-/ej2-office-chart-20.1.55.tgz",
      "integrity": "sha512-tML97ywkDuihgFZKQRdwW8ZxwXHjr9LCheMs8bydVTIXlQUvYLPOsb9Pei6hVK86CC3Z8vxMzjI9J1WF+jzr2Q==",
      "requires": {
        "@syncfusion/ej2-charts": "~20.1.55"
      }
    },
    "@syncfusion/ej2-pdf-export": {
      "version": "20.1.55",
      "resolved": "https://registry.npmjs.org/@syncfusion/ej2-pdf-export/-/ej2-pdf-export-20.1.55.tgz",
      "integrity": "sha512-y1e9spCvTM2dHkn9sTWvgrpDrDMcrfrXqDxP0+OtVnmg3rzSWAiDIyquzgJFCq5QPm9MSW012Trn1S6Gpb+UeQ==",
      "requires": {
        "@syncfusion/ej2-compression": "~20.1.55"
      }
    },
    "@syncfusion/ej2-popups": {
      "version": "20.1.58",
      "resolved": "https://registry.npmjs.org/@syncfusion/ej2-popups/-/ej2-popups-20.1.58.tgz",
      "integrity": "sha512-cgh97wbBwO3pN7J7gV5jvWaXQLebDqIp+xIhPkb41H20pYujuaxarXorMq188e8sQ/8EOzM8eSPtWsDVhDab7w==",
      "requires": {
        "@syncfusion/ej2-base": "~20.1.57",
        "@syncfusion/ej2-buttons": "~20.1.55"
      }
    },
    "@syncfusion/ej2-react-base": {
      "version": "20.1.58",
      "resolved": "https://registry.npmjs.org/@syncfusion/ej2-react-base/-/ej2-react-base-20.1.58.tgz",
      "integrity": "sha512-lToVE196mmoMX1KE94tPXghozmngq4Y8pCTsiBZfdc2oIq1soXX/pMcvh+Tj6ciQf53PKmWetr+oO+lFiYCl+w==",
      "requires": {
        "@syncfusion/ej2-base": "~20.1.57"
      }
    },
    "@syncfusion/ej2-react-documenteditor": {
      "version": "20.1.47",
      "resolved": "https://registry.npmjs.org/@syncfusion/ej2-react-documenteditor/-/ej2-react-documenteditor-20.1.47.tgz",
      "integrity": "sha512-jsxSKaIkkMQTikzgC+r2Ht3Ky1njyIIeyoWXSmPAoUagslGMbCgdDjSrgqeu7VCT+2vWdOjXjEhvYq2Ainj1Nw==",
      "requires": {
        "@syncfusion/ej2-base": "~20.1.47",
        "@syncfusion/ej2-documenteditor": "20.1.47",
        "@syncfusion/ej2-react-base": "~20.1.47"
      }
    },
    "@syncfusion/ej2-splitbuttons": {
      "version": "20.1.57",
      "resolved": "https://registry.npmjs.org/@syncfusion/ej2-splitbuttons/-/ej2-splitbuttons-20.1.57.tgz",
      "integrity": "sha512-C4Rm2oQuGELh34cHsAxgKvACF0skS+T1h8Gx/fyGNoG6p+MKX5sg8/A1cr1suNPfgpzcf6QzUmYPqRgqQVYvLA==",
      "requires": {
        "@syncfusion/ej2-base": "~20.1.56",
        "@syncfusion/ej2-popups": "~20.1.57"
      }
    },
    "@syncfusion/ej2-svg-base": {
      "version": "20.1.55",
      "resolved": "https://registry.npmjs.org/@syncfusion/ej2-svg-base/-/ej2-svg-base-20.1.55.tgz",
      "integrity": "sha512-jRmH70fvtG5MRL3ldaRAIthuAp7CDhj6j+Co/rAkyAYxI/r/1TkLKX9WEWQFNhGWftiSMnRacFUAwvzN2isPJg==",
      "requires": {
        "@syncfusion/ej2-base": "~20.1.55"
      }
    }
  }
}
